// !$*UTF8*$!
{
	archiveVersion = 1;
	classes = {
	};
	objectVersion = 46;
	objects = {

/* Begin PBXBuildFile section */
		9B2D144C1EAD953D00D18AEC /* AppDelegate.swift in Sources */ = {isa = PBXBuildFile; fileRef = 9B2D144B1EAD953D00D18AEC /* AppDelegate.swift */; };
		9B2D144E1EAD953D00D18AEC /* ViewController.swift in Sources */ = {isa = PBXBuildFile; fileRef = 9B2D144D1EAD953D00D18AEC /* ViewController.swift */; };
		9B2D14511EAD953D00D18AEC /* Main.storyboard in Resources */ = {isa = PBXBuildFile; fileRef = 9B2D144F1EAD953D00D18AEC /* Main.storyboard */; };
		9B2D14531EAD953D00D18AEC /* Assets.xcassets in Resources */ = {isa = PBXBuildFile; fileRef = 9B2D14521EAD953D00D18AEC /* Assets.xcassets */; };
		9B2D14561EAD953D00D18AEC /* LaunchScreen.storyboard in Resources */ = {isa = PBXBuildFile; fileRef = 9B2D14541EAD953D00D18AEC /* LaunchScreen.storyboard */; };
/* End PBXBuildFile section */

/* Begin PBXContainerItemProxy section */
		9B2D145D1EAD953D00D18AEC /* PBXContainerItemProxy */ = {
			isa = PBXContainerItemProxy;
			containerPortal = 9B2D14401EAD953D00D18AEC /* Project object */;
			proxyType = 1;
			remoteGlobalIDString = 9B2D14471EAD953D00D18AEC;
			remoteInfo = ObserveKeyboardNotifications;
		};
/* End PBXContainerItemProxy section */

/* Begin PBXFileReference section */
		9B2D14481EAD953D00D18AEC /* ObserveKeyboardNotifications.app */ = {isa = PBXFileReference; explicitFileType = wrapper.application; includeInIndex = 0; path = ObserveKeyboardNotifications.app; sourceTree = BUILT_PRODUCTS_DIR; };
		9B2D144B1EAD953D00D18AEC /* AppDelegate.swift */ = {isa = PBXFileReference; lastKnownFileType = sourcecode.swift; path = AppDelegate.swift; sourceTree = "<group>"; };
		9B2D144D1EAD953D00D18AEC /* ViewController.swift */ = {isa = PBXFileReference; lastKnownFileType = sourcecode.swift; path = ViewController.swift; sourceTree = "<group>"; };
		9B2D14501EAD953D00D18AEC /* Base */ = {isa = PBXFileReference; lastKnownFileType = file.storyboard; name = Base; path = Base.lproj/Main.storyboard; sourceTree = "<group>"; };
		9B2D14521EAD953D00D18AEC /* Assets.xcassets */ = {isa = PBXFileReference; lastKnownFileType = folder.assetcatalog; path = Assets.xcassets; sourceTree = "<group>"; };
		9B2D14551EAD953D00D18AEC /* Base */ = {isa = PBXFileReference; lastKnownFileType = file.storyboard; name = Base; path = Base.lproj/LaunchScreen.storyboard; sourceTree = "<group>"; };
		9B2D14571EAD953D00D18AEC /* Info.plist */ = {isa = PBXFileReference; lastKnownFileType = text.plist.xml; path = Info.plist; sourceTree = "<group>"; };
		9B2D145C1EAD953D00D18AEC /* ObserveKeyboardNotificationsTests.xctest */ = {isa = PBXFileReference; explicitFileType = wrapper.cfbundle; includeInIndex = 0; path = ObserveKeyboardNotificationsTests.xctest; sourceTree = BUILT_PRODUCTS_DIR; };
		9B2D14621EAD953D00D18AEC /* Info.plist */ = {isa = PBXFileReference; lastKnownFileType = text.plist.xml; path = Info.plist; sourceTree = "<group>"; };
/* End PBXFileReference section */

/* Begin PBXFrameworksBuildPhase section */
		9B2D14451EAD953D00D18AEC /* Frameworks */ = {
			isa = PBXFrameworksBuildPhase;
			buildActionMask = 2147483647;
			files = (
			);
			runOnlyForDeploymentPostprocessing = 0;
		};
		9B2D14591EAD953D00D18AEC /* Frameworks */ = {
			isa = PBXFrameworksBuildPhase;
			buildActionMask = 2147483647;
			files = (
			);
			runOnlyForDeploymentPostprocessing = 0;
		};
/* End PBXFrameworksBuildPhase section */

/* Begin PBXGroup section */
		9B2D143F1EAD953D00D18AEC = {
			isa = PBXGroup;
			children = (
				9B2D144A1EAD953D00D18AEC /* ObserveKeyboardNotifications */,
				9B2D145F1EAD953D00D18AEC /* ObserveKeyboardNotificationsTests */,
				9B2D14491EAD953D00D18AEC /* Products */,
			);
			sourceTree = "<group>";
		};
		9B2D14491EAD953D00D18AEC /* Products */ = {
			isa = PBXGroup;
			children = (
				9B2D14481EAD953D00D18AEC /* ObserveKeyboardNotifications.app */,
				9B2D145C1EAD953D00D18AEC /* ObserveKeyboardNotificationsTests.xctest */,
			);
			name = Products;
			sourceTree = "<group>";
		};
		9B2D144A1EAD953D00D18AEC /* ObserveKeyboardNotifications */ = {
			isa = PBXGroup;
			children = (
				9B2D144B1EAD953D00D18AEC /* AppDelegate.swift */,
				9B2D144D1EAD953D00D18AEC /* ViewController.swift */,
				9B2D144F1EAD953D00D18AEC /* Main.storyboard */,
				9B2D14521EAD953D00D18AEC /* Assets.xcassets */,
				9B2D14541EAD953D00D18AEC /* LaunchScreen.storyboard */,
				9B2D14571EAD953D00D18AEC /* Info.plist */,
			);
			path = ObserveKeyboardNotifications;
			sourceTree = "<group>";
		};
		9B2D145F1EAD953D00D18AEC /* ObserveKeyboardNotificationsTests */ = {
			isa = PBXGroup;
			children = (
				9B2D14621EAD953D00D18AEC /* Info.plist */,
			);
			path = ObserveKeyboardNotificationsTests;
			sourceTree = "<group>";
		};
/* End PBXGroup section */

/* Begin PBXNativeTarget section */
		9B2D14471EAD953D00D18AEC /* ObserveKeyboardNotifications */ = {
			isa = PBXNativeTarget;
			buildConfigurationList = 9B2D14651EAD953D00D18AEC /* Build configuration list for PBXNativeTarget "ObserveKeyboardNotifications" */;
			buildPhases = (
				9B2D14441EAD953D00D18AEC /* Sources */,
				9B2D14451EAD953D00D18AEC /* Frameworks */,
				9B2D14461EAD953D00D18AEC /* Resources */,
			);
			buildRules = (
			);
			dependencies = (
			);
			name = ObserveKeyboardNotifications;
			productName = ObserveKeyboardNotifications;
			productReference = 9B2D14481EAD953D00D18AEC /* ObserveKeyboardNotifications.app */;
			productType = "com.apple.product-type.application";
		};
		9B2D145B1EAD953D00D18AEC /* ObserveKeyboardNotificationsTests */ = {
			isa = PBXNativeTarget;
			buildConfigurationList = 9B2D14681EAD953D00D18AEC /* Build configuration list for PBXNativeTarget "ObserveKeyboardNotificationsTests" */;
			buildPhases = (
				9B2D14581EAD953D00D18AEC /* Sources */,
				9B2D14591EAD953D00D18AEC /* Frameworks */,
				9B2D145A1EAD953D00D18AEC /* Resources */,
			);
			buildRules = (
			);
			dependencies = (
				9B2D145E1EAD953D00D18AEC /* PBXTargetDependency */,
			);
			name = ObserveKeyboardNotificationsTests;
			productName = ObserveKeyboardNotificationsTests;
			productReference = 9B2D145C1EAD953D00D18AEC /* ObserveKeyboardNotificationsTests.xctest */;
			productType = "com.apple.product-type.bundle.unit-test";
		};
/* End PBXNativeTarget section */

/* Begin PBXProject section */
		9B2D14401EAD953D00D18AEC /* Project object */ = {
			isa = PBXProject;
			attributes = {
				LastSwiftUpdateCheck = 0830;
				LastUpgradeCheck = 0830;
				ORGANIZATIONNAME = "ShengHua Wu";
				TargetAttributes = {
					9B2D14471EAD953D00D18AEC = {
						CreatedOnToolsVersion = 8.3.2;
						ProvisioningStyle = Automatic;
					};
					9B2D145B1EAD953D00D18AEC = {
						CreatedOnToolsVersion = 8.3.2;
						ProvisioningStyle = Automatic;
						TestTargetID = 9B2D14471EAD953D00D18AEC;
					};
				};
			};
			buildConfigurationList = 9B2D14431EAD953D00D18AEC /* Build configuration list for PBXProject "ObserveKeyboardNotifications" */;
			compatibilityVersion = "Xcode 3.2";
			developmentRegion = English;
			hasScannedForEncodings = 0;
			knownRegions = (
				en,
				Base,
			);
			mainGroup = 9B2D143F1EAD953D00D18AEC;
			productRefGroup = 9B2D14491EAD953D00D18AEC /* Products */;
			projectDirPath = "";
			projectRoot = "";
			targets = (
				9B2D14471EAD953D00D18AEC /* ObserveKeyboardNotifications */,
				9B2D145B1EAD953D00D18AEC /* ObserveKeyboardNotificationsTests */,
			);
		};
/* End PBXProject section */

/* Begin PBXResourcesBuildPhase section */
		9B2D14461EAD953D00D18AEC /* Resources */ = {
			isa = PBXResourcesBuildPhase;
			buildActionMask = 2147483647;
			files = (
				9B2D14561EAD953D00D18AEC /* LaunchScreen.storyboard in Resources */,
				9B2D14531EAD953D00D18AEC /* Assets.xcassets in Resources */,
				9B2D14511EAD953D00D18AEC /* Main.storyboard in Resources */,
			);
			runOnlyForDeploymentPostprocessing = 0;
		};
		9B2D145A1EAD953D00D18AEC /* Resources */ = {
			isa = PBXResourcesBuildPhase;
			buildActionMask = 2147483647;
			files = (
			);
			runOnlyForDeploymentPostprocessing = 0;
		};
/* End PBXResourcesBuildPhase section */

/* Begin PBXSourcesBuildPhase section */
		9B2D14441EAD953D00D18AEC /* Sources */ = {
			isa = PBXSourcesBuildPhase;
			buildActionMask = 2147483647;
			files = (
				9B2D144E1EAD953D00D18AEC /* ViewController.swift in Sources */,
				9B2D144C1EAD953D00D18AEC /* AppDelegate.swift in Sources */,
			);
			runOnlyForDeploymentPostprocessing = 0;
		};
		9B2D14581EAD953D00D18AEC /* Sources */ = {
			isa = PBXSourcesBuildPhase;
			buildActionMask = 2147483647;
			files = (
			);
			runOnlyForDeploymentPostprocessing = 0;
		};
/* End PBXSourcesBuildPhase section */

/* Begin PBXTargetDependency section */
		9B2D145E1EAD953D00D18AEC /* PBXTargetDependency */ = {
			isa = PBXTargetDependency;
			target = 9B2D14471EAD953D00D18AEC /* ObserveKeyboardNotifications */;
			targetProxy = 9B2D145D1EAD953D00D18AEC /* PBXContainerItemProxy */;
		};
/* End PBXTargetDependency section */

/* Begin PBXVariantGroup section */
		9B2D144F1EAD953D00D18AEC /* Main.storyboard */ = {
			isa = PBXVariantGroup;
			children = (
				9B2D14501EAD953D00D18AEC /* Base */,
			);
			name = Main.storyboard;
			sourceTree = "<group>";
		};
		9B2D14541EAD953D00D18AEC /* LaunchScreen.storyboard */ = {
			isa = PBXVariantGroup;
			children = (
				9B2D14551EAD953D00D18AEC /* Base */,
			);
			name = LaunchScreen.storyboard;
			sourceTree = "<group>";
		};
/* End PBXVariantGroup section */

/* Begin XCBuildConfiguration section */
		9B2D14631EAD953D00D18AEC /* Debug */ = {
			isa = XCBuildConfiguration;
			buildSettings = {
				ALWAYS_SEARCH_USER_PATHS = NO;
				CLANG_ANALYZER_NONNULL = YES;
				CLANG_ANALYZER_NUMBER_OBJECT_CONVERSION = YES_AGGRESSIVE;
				CLANG_CXX_LANGUAGE_STANDARD = "gnu++0x";
				CLANG_CXX_LIBRARY = "libc++";
				CLANG_ENABLE_MODULES = YES;
				CLANG_ENABLE_OBJC_ARC = YES;
				CLANG_WARN_BOOL_CONVERSION = YES;
				CLANG_WARN_CONSTANT_CONVERSION = YES;
				CLANG_WARN_DIRECT_OBJC_ISA_USAGE = YES_ERROR;
				CLANG_WARN_DOCUMENTATION_COMMENTS = YES;
				CLANG_WARN_EMPTY_BODY = YES;
				CLANG_WARN_ENUM_CONVERSION = YES;
				CLANG_WARN_INFINITE_RECURSION = YES;
				CLANG_WARN_INT_CONVERSION = YES;
				CLANG_WARN_OBJC_ROOT_CLASS = YES_ERROR;
				CLANG_WARN_SUSPICIOUS_MOVE = YES;
				CLANG_WARN_UNREACHABLE_CODE = YES;
				CLANG_WARN__DUPLICATE_METHOD_MATCH = YES;
				"CODE_SIGN_IDENTITY[sdk=iphoneos*]" = "iPhone Developer";
				COPY_PHASE_STRIP = NO;
				DEBUG_INFORMATION_FORMAT = dwarf;
				ENABLE_STRICT_OBJC_MSGSEND = YES;
				ENABLE_TESTABILITY = YES;
				GCC_C_LANGUAGE_STANDARD = gnu99;
				GCC_DYNAMIC_NO_PIC = NO;
				GCC_NO_COMMON_BLOCKS = YES;
				GCC_OPTIMIZATION_LEVEL = 0;
				GCC_PREPROCESSOR_DEFINITIONS = (
					"DEBUG=1",
					"$(inherited)",
				);
				GCC_WARN_64_TO_32_BIT_CONVERSION = YES;
				GCC_WARN_ABOUT_RETURN_TYPE = YES_ERROR;
				GCC_WARN_UNDECLARED_SELECTOR = YES;
				GCC_WARN_UNINITIALIZED_AUTOS = YES_AGGRESSIVE;
				GCC_WARN_UNUSED_FUNCTION = YES;
				GCC_WARN_UNUSED_VARIABLE = YES;
				IPHONEOS_DEPLOYMENT_TARGET = 10.3;
				MTL_ENABLE_DEBUG_INFO = YES;
				ONLY_ACTIVE_ARCH = YES;
				SDKROOT = iphoneos;
				SWIFT_ACTIVE_COMPILATION_CONDITIONS = DEBUG;
				SWIFT_OPTIMIZATION_LEVEL = "-Onone";
			};
			name = Debug;
		};
		9B2D14641EAD953D00D18AEC /* Release */ = {
			isa = XCBuildConfiguration;
			buildSettings = {
				ALWAYS_SEARCH_USER_PATHS = NO;
				CLANG_ANALYZER_NONNULL = YES;
				CLANG_ANALYZER_NUMBER_OBJECT_CONVERSION = YES_AGGRESSIVE;
				CLANG_CXX_LANGUAGE_STANDARD = "gnu++0x";
				CLANG_CXX_LIBRARY = "libc++";
				CLANG_ENABLE_MODULES = YES;
				CLANG_ENABLE_OBJC_ARC = YES;
				CLANG_WARN_BOOL_CONVERSION = YES;
				CLANG_WARN_CONSTANT_CONVERSION = YES;
				CLANG_WARN_DIRECT_OBJC_ISA_USAGE = YES_ERROR;
				CLANG_WARN_DOCUMENTATION_COMMENTS = YES;
				CLANG_WARN_EMPTY_BODY = YES;
				CLANG_WARN_ENUM_CONVERSION = YES;
				CLANG_WARN_INFINITE_RECURSION = YES;
				CLANG_WARN_INT_CONVERSION = YES;
				CLANG_WARN_OBJC_ROOT_CLASS = YES_ERROR;
				CLANG_WARN_SUSPICIOUS_MOVE = YES;
				CLANG_WARN_UNREACHABLE_CODE = YES;
				CLANG_WARN__DUPLICATE_METHOD_MATCH = YES;
				"CODE_SIGN_IDENTITY[sdk=iphoneos*]" = "iPhone Developer";
				COPY_PHASE_STRIP = NO;
				DEBUG_INFORMATION_FORMAT = "dwarf-with-dsym";
				ENABLE_NS_ASSERTIONS = NO;
				ENABLE_STRICT_OBJC_MSGSEND = YES;
				GCC_C_LANGUAGE_STANDARD = gnu99;
				GCC_NO_COMMON_BLOCKS = YES;
				GCC_WARN_64_TO_32_BIT_CONVERSION = YES;
				GCC_WARN_ABOUT_RETURN_TYPE = YES_ERROR;
				GCC_WARN_UNDECLARED_SELECTOR = YES;
				GCC_WARN_UNINITIALIZED_AUTOS = YES_AGGRESSIVE;
				GCC_WARN_UNUSED_FUNCTION = YES;
				GCC_WARN_UNUSED_VARIABLE = YES;
				IPHONEOS_DEPLOYMENT_TARGET = 10.3;
				MTL_ENABLE_DEBUG_INFO = NO;
				SDKROOT = iphoneos;
				SWIFT_OPTIMIZATION_LEVEL = "-Owholemodule";
				VALIDATE_PRODUCT = YES;
			};
			name = Release;
		};
		9B2D14661EAD953D00D18AEC /* Debug */ = {
			isa = XCBuildConfiguration;
			buildSettings = {
				ASSETCATALOG_COMPILER_APPICON_NAME = AppIcon;
				INFOPLIST_FILE = ObserveKeyboardNotifications/Info.plist;
				LD_RUNPATH_SEARCH_PATHS = "$(inherited) @executable_path/Frameworks";
				PRODUCT_BUNDLE_IDENTIFIER = com.shenghuawu.ObserveKeyboardNotifications;
				PRODUCT_NAME = "$(TARGET_NAME)";
				SWIFT_VERSION = 3.0;
			};
			name = Debug;
		};
		9B2D14671EAD953D00D18AEC /* Release */ = {
			isa = XCBuildConfiguration;
			buildSettings = {
				ASSETCATALOG_COMPILER_APPICON_NAME = AppIcon;
				INFOPLIST_FILE = ObserveKeyboardNotifications/Info.plist;
				LD_RUNPATH_SEARCH_PATHS = "$(inherited) @executable_path/Frameworks";
				PRODUCT_BUNDLE_IDENTIFIER = com.shenghuawu.ObserveKeyboardNotifications;
				PRODUCT_NAME = "$(TARGET_NAME)";
				SWIFT_VERSION = 3.0;
			};
			name = Release;
		};
		9B2D14691EAD953D00D18AEC /* Debug */ = {
			isa = XCBuildConfiguration;
			buildSettings = {
				ALWAYS_EMBED_SWIFT_STANDARD_LIBRARIES = YES;
				BUNDLE_LOADER = "$(TEST_HOST)";
				INFOPLIST_FILE = ObserveKeyboardNotificationsTests/Info.plist;
				LD_RUNPATH_SEARCH_PATHS = "$(inherited) @executable_path/Frameworks @loader_path/Frameworks";
				PRODUCT_BUNDLE_IDENTIFIER = com.shenghuawu.ObserveKeyboardNotificationsTests;
				PRODUCT_NAME = "$(TARGET_NAME)";
				SWIFT_VERSION = 3.0;
				TEST_HOST = "$(BUILT_PRODUCTS_DIR)/ObserveKeyboardNotifications.app/ObserveKeyboardNotifications";
			};
			name = Debug;
		};
		9B2D146A1EAD953D00D18AEC /* Release */ = {
			isa = XCBuildConfiguration;
			buildSettings = {
				ALWAYS_EMBED_SWIFT_STANDARD_LIBRARIES = YES;
				BUNDLE_LOADER = "$(TEST_HOST)";
				INFOPLIST_FILE = ObserveKeyboardNotificationsTests/Info.plist;
				LD_RUNPATH_SEARCH_PATHS = "$(inherited) @executable_path/Frameworks @loader_path/Frameworks";
				PRODUCT_BUNDLE_IDENTIFIER = com.shenghuawu.ObserveKeyboardNotificationsTests;
				PRODUCT_NAME = "$(TARGET_NAME)";
				SWIFT_VERSION = 3.0;
				TEST_HOST = "$(BUILT_PRODUCTS_DIR)/ObserveKeyboardNotifications.app/ObserveKeyboardNotifications";
			};
			name = Release;
		};
/* End XCBuildConfiguration section */

/* Begin XCConfigurationList section */
		9B2D14431EAD953D00D18AEC /* Build configuration list for PBXProject "ObserveKeyboardNotifications" */ = {
			isa = XCConfigurationList;
			buildConfigurations = (
				9B2D14631EAD953D00D18AEC /* Debug */,
				9B2D14641EAD953D00D18AEC /* Release */,
			);
			defaultConfigurationIsVisible = 0;
			defaultConfigurationName = Release;
		};
		9B2D14651EAD953D00D18AEC /* Build configuration list for PBXNativeTarget "ObserveKeyboardNotifications" */ = {
			isa = XCConfigurationList;
			buildConfigurations = (
				9B2D14661EAD953D00D18AEC /* Debug */,
				9B2D14671EAD953D00D18AEC /* Release */,
			);
			defaultConfigurationIsVisible = 0;
		};
		9B2D14681EAD953D00D18AEC /* Build configuration list for PBXNativeTarget "ObserveKeyboardNotificationsTests" */ = {
			isa = XCConfigurationList;
			buildConfigurations = (
				9B2D14691EAD953D00D18AEC /* Debug */,
				9B2D146A1EAD953D00D18AEC /* Release */,
			);
			defaultConfigurationIsVisible = 0;
		};
/* End XCConfigurationList section */
	};
	rootObject = 9B2D14401EAD953D00D18AEC /* Project object */;
}
